
Microsoft Visual Studio Solution File, Format Version 11.00
# Visual Studio 2010
Project("{FAE04EC0-301F-11D3-BF4B-00C04F79EFBC}") = "jsStatus", "jsStatus\jsStatus.csproj", "{774F4242-D0C3-4C95-9640-16AA74CEE38B}"
EndProject
Global
	GlobalSection(SolutionConfigurationPlatforms) = preSolution
		Debug|Any CPU = Debug|Any CPU
		Release|Any CPU = Release|Any CPU
	EndGlobalSection
	GlobalSection(ProjectConfigurationPlatforms) = postSolution
		{774F4242-D0C3-4C95-9640-16AA74CEE38B}.Debug|Any CPU.ActiveCfg = Debug|Any CPU
		{774F4242-D0C3-4C95-9640-16AA74CEE38B}.Debug|Any CPU.Build.0 = Debug|Any CPU
		{774F4242-D0C3-4C95-9640-16AA74CEE38B}.Release|Any CPU.ActiveCfg = Release|Any CPU
		{774F4242-D0C3-4C95-9640-16AA74CEE38B}.Release|Any CPU.Build.0 = Release|Any CPU
	EndGlobalSection
	GlobalSection(SolutionProperties) = preSolution
		HideSolutionNode = FALSE
	EndGlobalSection
EndGlobal
